# This file is automatically @generated by Cargo.
# It is not intended for manual editing.
version = 3

[[package]]
name = "adrift"
version = "0.1.0"
dependencies = [
 "bounded-ints",
]

[[package]]
name = "bounded-ints"
version = "0.1.1"
source = "git+https://github.com/Mearkatz/bounded-ints#b3936381caeab90f4d2d6d0bddb39fe8e02129f8"
